
Microsoft Visual Studio Solution File, Format Version 12.00
# Visual Studio Version 16
VisualStudioVersion = 25.0.1704.1
MinimumVisualStudioVersion = 10.0.40219.1
Project("{FAE04EC0-301F-11D3-BF4B-00C04F79EFBC}") = "DataEf", "DataEf\DataEf.csproj", "{1288D220-A9EC-4D1F-986C-FE7AC4FC4D32}"
EndProject
Project("{FAE04EC0-301F-11D3-BF4B-00C04F79EFBC}") = "MainPage", "MainPage\MainPage.csproj", "{408283B7-D00E-4D7F-BFE4-45B1277F3ABF}"
EndProject
Global
	GlobalSection(SolutionConfigurationPlatforms) = preSolution
		Debug|Any CPU = Debug|Any CPU
		Release|Any CPU = Release|Any CPU
	EndGlobalSection
	GlobalSection(ProjectConfigurationPlatforms) = postSolution
		{1288D220-A9EC-4D1F-986C-FE7AC4FC4D32}.Debug|Any CPU.ActiveCfg = Debug|Any CPU
		{1288D220-A9EC-4D1F-986C-FE7AC4FC4D32}.Debug|Any CPU.Build.0 = Debug|Any CPU
		{1288D220-A9EC-4D1F-986C-FE7AC4FC4D32}.Release|Any CPU.ActiveCfg = Release|Any CPU
		{1288D220-A9EC-4D1F-986C-FE7AC4FC4D32}.Release|Any CPU.Build.0 = Release|Any CPU
		{408283B7-D00E-4D7F-BFE4-45B1277F3ABF}.Debug|Any CPU.ActiveCfg = Debug|Any CPU
		{408283B7-D00E-4D7F-BFE4-45B1277F3ABF}.Debug|Any CPU.Build.0 = Debug|Any CPU
		{408283B7-D00E-4D7F-BFE4-45B1277F3ABF}.Release|Any CPU.ActiveCfg = Release|Any CPU
		{408283B7-D00E-4D7F-BFE4-45B1277F3ABF}.Release|Any CPU.Build.0 = Release|Any CPU
	EndGlobalSection
	GlobalSection(SolutionProperties) = preSolution
		HideSolutionNode = FALSE
	EndGlobalSection
	GlobalSection(ExtensibilityGlobals) = postSolution
		SolutionGuid = {80844DD1-F415-48B1-9D17-82964C649117}
	EndGlobalSection
EndGlobal
