
Microsoft Visual Studio Solution File, Format Version 12.00
# Visual Studio Version 16
VisualStudioVersion = 25.0.1704.1
MinimumVisualStudioVersion = 10.0.40219.1
Project("{FAE04EC0-301F-11D3-BF4B-00C04F79EFBC}") = "DataEf", "DataEf\DataEf.csproj", "{1288D220-A9EC-4D1F-986C-FE7AC4FC4D32}"
EndProject
Project("{FAE04EC0-301F-11D3-BF4B-00C04F79EFBC}") = "trainer", "MainPage\trainer.csproj", "{408283B7-D00E-4D7F-BFE4-45B1277F3ABF}"
EndProject
Project("{FAE04EC0-301F-11D3-BF4B-00C04F79EFBC}") = "UserProfile", "UserProfile\UserProfile.csproj", "{9EF4D30F-30D9-45B8-AB7F-7FDA37090561}"
EndProject
Project("{FAE04EC0-301F-11D3-BF4B-00C04F79EFBC}") = "Models", "Models\Models.csproj", "{D3B4166E-013D-4F48-895C-32796CCFA047}"
EndProject
Project("{FAE04EC0-301F-11D3-BF4B-00C04F79EFBC}") = "BusinessLogic", "BusinessLogic\BusinessLogic.csproj", "{7368A13B-99A0-4635-8D66-7500FD53B68B}"
EndProject
Project("{FAE04EC0-301F-11D3-BF4B-00C04F79EFBC}") = "Service", "Service\Service.csproj", "{A296A664-9B76-497D-AD98-B407EE91CDA3}"
EndProject
Global
	GlobalSection(SolutionConfigurationPlatforms) = preSolution
		Debug|Any CPU = Debug|Any CPU
		Release|Any CPU = Release|Any CPU
	EndGlobalSection
	GlobalSection(ProjectConfigurationPlatforms) = postSolution
		{1288D220-A9EC-4D1F-986C-FE7AC4FC4D32}.Debug|Any CPU.ActiveCfg = Debug|Any CPU
		{1288D220-A9EC-4D1F-986C-FE7AC4FC4D32}.Debug|Any CPU.Build.0 = Debug|Any CPU
		{1288D220-A9EC-4D1F-986C-FE7AC4FC4D32}.Release|Any CPU.ActiveCfg = Release|Any CPU
		{1288D220-A9EC-4D1F-986C-FE7AC4FC4D32}.Release|Any CPU.Build.0 = Release|Any CPU
		{408283B7-D00E-4D7F-BFE4-45B1277F3ABF}.Debug|Any CPU.ActiveCfg = Debug|Any CPU
		{408283B7-D00E-4D7F-BFE4-45B1277F3ABF}.Debug|Any CPU.Build.0 = Debug|Any CPU
		{408283B7-D00E-4D7F-BFE4-45B1277F3ABF}.Release|Any CPU.ActiveCfg = Release|Any CPU
		{408283B7-D00E-4D7F-BFE4-45B1277F3ABF}.Release|Any CPU.Build.0 = Release|Any CPU
		{9EF4D30F-30D9-45B8-AB7F-7FDA37090561}.Debug|Any CPU.ActiveCfg = Debug|Any CPU
		{9EF4D30F-30D9-45B8-AB7F-7FDA37090561}.Debug|Any CPU.Build.0 = Debug|Any CPU
		{9EF4D30F-30D9-45B8-AB7F-7FDA37090561}.Release|Any CPU.ActiveCfg = Release|Any CPU
		{9EF4D30F-30D9-45B8-AB7F-7FDA37090561}.Release|Any CPU.Build.0 = Release|Any CPU
		{D3B4166E-013D-4F48-895C-32796CCFA047}.Debug|Any CPU.ActiveCfg = Debug|Any CPU
		{D3B4166E-013D-4F48-895C-32796CCFA047}.Debug|Any CPU.Build.0 = Debug|Any CPU
		{D3B4166E-013D-4F48-895C-32796CCFA047}.Release|Any CPU.ActiveCfg = Release|Any CPU
		{D3B4166E-013D-4F48-895C-32796CCFA047}.Release|Any CPU.Build.0 = Release|Any CPU
		{7368A13B-99A0-4635-8D66-7500FD53B68B}.Debug|Any CPU.ActiveCfg = Debug|Any CPU
		{7368A13B-99A0-4635-8D66-7500FD53B68B}.Debug|Any CPU.Build.0 = Debug|Any CPU
		{7368A13B-99A0-4635-8D66-7500FD53B68B}.Release|Any CPU.ActiveCfg = Release|Any CPU
		{7368A13B-99A0-4635-8D66-7500FD53B68B}.Release|Any CPU.Build.0 = Release|Any CPU
		{A296A664-9B76-497D-AD98-B407EE91CDA3}.Debug|Any CPU.ActiveCfg = Debug|Any CPU
		{A296A664-9B76-497D-AD98-B407EE91CDA3}.Debug|Any CPU.Build.0 = Debug|Any CPU
		{A296A664-9B76-497D-AD98-B407EE91CDA3}.Release|Any CPU.ActiveCfg = Release|Any CPU
		{A296A664-9B76-497D-AD98-B407EE91CDA3}.Release|Any CPU.Build.0 = Release|Any CPU
	EndGlobalSection
	GlobalSection(SolutionProperties) = preSolution
		HideSolutionNode = FALSE
	EndGlobalSection
	GlobalSection(ExtensibilityGlobals) = postSolution
		SolutionGuid = {80844DD1-F415-48B1-9D17-82964C649117}
	EndGlobalSection
EndGlobal
